
Microsoft Visual Studio Solution File, Format Version 12.00
# Visual Studio 2013
VisualStudioVersion = 12.0.21005.1
MinimumVisualStudioVersion = 10.0.40219.1
Project("{2150E333-8FDC-42A3-9474-1A3956D46DE8}") = ".nuget", ".nuget", "{3B32F0BE-9A83-4CD5-98B7-DBDD6535AC8B}"
	ProjectSection(SolutionItems) = preProject
		.nuget\NuGet.Config = .nuget\NuGet.Config
		.nuget\NuGet.exe = .nuget\NuGet.exe
		.nuget\NuGet.targets = .nuget\NuGet.targets
	EndProjectSection
EndProject
Project("{FAE04EC0-301F-11D3-BF4B-00C04F79EFBC}") = "DataStructure.Solutions", "DataStructure.Solutions\DataStructure.Solutions.csproj", "{B83A4D6B-CBEA-4EE8-BFCF-85808B08E8FA}"
EndProject
Project("{FAE04EC0-301F-11D3-BF4B-00C04F79EFBC}") = "Algorithms.Solutions", "Algorithms.Solutions\Algorithms.Solutions.csproj", "{50518DE9-013D-4C5C-8086-A979882FC162}"
EndProject
Project("{FAE04EC0-301F-11D3-BF4B-00C04F79EFBC}") = "OOP.Solutions", "OOP.Solutions\OOP.Solutions.csproj", "{F35CD3F9-51C6-48DF-82C1-7FC7333C1066}"
EndProject
Project("{FAE04EC0-301F-11D3-BF4B-00C04F79EFBC}") = "Algorithms.Tests", "Algorithms.Tests\Algorithms.Tests.csproj", "{513D6DCB-5235-4F3F-9D7E-043211089BAE}"
EndProject
Project("{FAE04EC0-301F-11D3-BF4B-00C04F79EFBC}") = "DataStructure.Tests", "DataStructure.Tests\DataStructure.Tests.csproj", "{055044CB-E828-4E99-8C82-9CED3A4AE48C}"
EndProject
Project("{FAE04EC0-301F-11D3-BF4B-00C04F79EFBC}") = "OOP.Tests", "OOP.Tests\OOP.Tests.csproj", "{EC7FDBE6-04D8-4A4D-B272-6306590E2B6D}"
EndProject
Project("{FAE04EC0-301F-11D3-BF4B-00C04F79EFBC}") = "Files.Solutions", "Files.Solutions\Files.Solutions.csproj", "{E0432648-E9CA-4507-974B-1A99EDBEC7CB}"
EndProject
Project("{FAE04EC0-301F-11D3-BF4B-00C04F79EFBC}") = "Files.Tests", "Files.Tests\Files.Tests.csproj", "{33B5551E-BA76-4779-98D3-2E13D6AC590F}"
EndProject
Global
	GlobalSection(SolutionConfigurationPlatforms) = preSolution
		Debug|Any CPU = Debug|Any CPU
		Release|Any CPU = Release|Any CPU
	EndGlobalSection
	GlobalSection(ProjectConfigurationPlatforms) = postSolution
		{B83A4D6B-CBEA-4EE8-BFCF-85808B08E8FA}.Debug|Any CPU.ActiveCfg = Debug|Any CPU
		{B83A4D6B-CBEA-4EE8-BFCF-85808B08E8FA}.Debug|Any CPU.Build.0 = Debug|Any CPU
		{B83A4D6B-CBEA-4EE8-BFCF-85808B08E8FA}.Release|Any CPU.ActiveCfg = Release|Any CPU
		{B83A4D6B-CBEA-4EE8-BFCF-85808B08E8FA}.Release|Any CPU.Build.0 = Release|Any CPU
		{50518DE9-013D-4C5C-8086-A979882FC162}.Debug|Any CPU.ActiveCfg = Debug|Any CPU
		{50518DE9-013D-4C5C-8086-A979882FC162}.Debug|Any CPU.Build.0 = Debug|Any CPU
		{50518DE9-013D-4C5C-8086-A979882FC162}.Release|Any CPU.ActiveCfg = Release|Any CPU
		{50518DE9-013D-4C5C-8086-A979882FC162}.Release|Any CPU.Build.0 = Release|Any CPU
		{F35CD3F9-51C6-48DF-82C1-7FC7333C1066}.Debug|Any CPU.ActiveCfg = Debug|Any CPU
		{F35CD3F9-51C6-48DF-82C1-7FC7333C1066}.Debug|Any CPU.Build.0 = Debug|Any CPU
		{F35CD3F9-51C6-48DF-82C1-7FC7333C1066}.Release|Any CPU.ActiveCfg = Release|Any CPU
		{F35CD3F9-51C6-48DF-82C1-7FC7333C1066}.Release|Any CPU.Build.0 = Release|Any CPU
		{513D6DCB-5235-4F3F-9D7E-043211089BAE}.Debug|Any CPU.ActiveCfg = Debug|Any CPU
		{513D6DCB-5235-4F3F-9D7E-043211089BAE}.Debug|Any CPU.Build.0 = Debug|Any CPU
		{513D6DCB-5235-4F3F-9D7E-043211089BAE}.Release|Any CPU.ActiveCfg = Release|Any CPU
		{513D6DCB-5235-4F3F-9D7E-043211089BAE}.Release|Any CPU.Build.0 = Release|Any CPU
		{055044CB-E828-4E99-8C82-9CED3A4AE48C}.Debug|Any CPU.ActiveCfg = Debug|Any CPU
		{055044CB-E828-4E99-8C82-9CED3A4AE48C}.Debug|Any CPU.Build.0 = Debug|Any CPU
		{055044CB-E828-4E99-8C82-9CED3A4AE48C}.Release|Any CPU.ActiveCfg = Release|Any CPU
		{055044CB-E828-4E99-8C82-9CED3A4AE48C}.Release|Any CPU.Build.0 = Release|Any CPU
		{EC7FDBE6-04D8-4A4D-B272-6306590E2B6D}.Debug|Any CPU.ActiveCfg = Debug|Any CPU
		{EC7FDBE6-04D8-4A4D-B272-6306590E2B6D}.Debug|Any CPU.Build.0 = Debug|Any CPU
		{EC7FDBE6-04D8-4A4D-B272-6306590E2B6D}.Release|Any CPU.ActiveCfg = Release|Any CPU
		{EC7FDBE6-04D8-4A4D-B272-6306590E2B6D}.Release|Any CPU.Build.0 = Release|Any CPU
		{E0432648-E9CA-4507-974B-1A99EDBEC7CB}.Debug|Any CPU.ActiveCfg = Debug|Any CPU
		{E0432648-E9CA-4507-974B-1A99EDBEC7CB}.Debug|Any CPU.Build.0 = Debug|Any CPU
		{E0432648-E9CA-4507-974B-1A99EDBEC7CB}.Release|Any CPU.ActiveCfg = Release|Any CPU
		{E0432648-E9CA-4507-974B-1A99EDBEC7CB}.Release|Any CPU.Build.0 = Release|Any CPU
		{33B5551E-BA76-4779-98D3-2E13D6AC590F}.Debug|Any CPU.ActiveCfg = Debug|Any CPU
		{33B5551E-BA76-4779-98D3-2E13D6AC590F}.Debug|Any CPU.Build.0 = Debug|Any CPU
		{33B5551E-BA76-4779-98D3-2E13D6AC590F}.Release|Any CPU.ActiveCfg = Release|Any CPU
		{33B5551E-BA76-4779-98D3-2E13D6AC590F}.Release|Any CPU.Build.0 = Release|Any CPU
	EndGlobalSection
	GlobalSection(SolutionProperties) = preSolution
		HideSolutionNode = FALSE
	EndGlobalSection
EndGlobal
